{
  "lockfileVersion": 1,
  "workspaces": {
    "": {
      "dependencies": {
        "@aztec/bb.js": "^0.76.4",
        "@noir-lang/acvm_js": "^1.0.0-beta.2",
        "@noir-lang/noir_js": "^1.0.0-beta.2",
        "@noir-lang/noir_wasm": "^1.0.0-beta.2",
        "@noir-lang/noirc_abi": "^1.0.0-beta.2",
      },
    },
  },
  "packages": {
    "@aztec/bb.js": ["@aztec/bb.js@0.76.4", "", { "dependencies": { "comlink": "^4.4.1", "commander": "^12.1.0", "debug": "^4.3.4", "fflate": "^0.8.0", "pako": "^2.1.0", "tslib": "^2.4.0" }, "bin": { "bb.js": "dest/node/main.js" } }, "sha512-KCQ/y5RDxXvX6LIGTfAlqH0LhiVJK54tbehrjIBEs/KBLSHdaTm/mWsd/nu7YupD4t6doCoqODapmu7Dly1NxQ=="],

    "@noir-lang/acvm_js": ["@noir-lang/acvm_js@1.0.0-beta.2", "", {}, "sha512-vZYidnNS0MGRddggrq73Te0MiOb7j7ehZwM5L0dbxGwG6RqUNU+RDjG/TE7VUHOOFkZGY20lQqjHY1mj4pOH2A=="],

    "@noir-lang/noir_js": ["@noir-lang/noir_js@1.0.0-beta.2", "", { "dependencies": { "@noir-lang/acvm_js": "1.0.0-beta.2", "@noir-lang/noirc_abi": "1.0.0-beta.2", "@noir-lang/types": "1.0.0-beta.2" } }, "sha512-CiHnU5H1tUQHoKheHh93Ss7DJificdjXFUUfdasjMd8lsCMCPqY/oUoG4FZjWb7mWT8h0d/qcpGKMbs1VkBThQ=="],

    "@noir-lang/noir_wasm": ["@noir-lang/noir_wasm@1.0.0-beta.2", "", { "dependencies": { "@noir-lang/types": "1.0.0-beta.2", "pako": "^2.1.0" } }, "sha512-B6zn1mgKBIDZE4nGvl6sOgErg7VsZOjP2D4FPHlHj4QF7h7ZbaISJ3+NM38FolaRkGEm2sSmSonaqKum0DchRA=="],

    "@noir-lang/noirc_abi": ["@noir-lang/noirc_abi@1.0.0-beta.2", "", { "dependencies": { "@noir-lang/types": "1.0.0-beta.2" } }, "sha512-8/Pc6C0IY4F3UCsubs96G4Nwalzo49TVW+2jej7uNaEJB7LCqbOk5G641XGcCV2McS7n7WbLt1eN3cKJrxUWrA=="],

    "@noir-lang/types": ["@noir-lang/types@1.0.0-beta.2", "", {}, "sha512-0CosvfeAhwjmEt5cwJtEbju+8itRpmOUOmyt6TUo6JcRxaR8d4A+7j0sOgGxs2KVqWnMi1akJdGodAu0e4H+1A=="],

    "comlink": ["comlink@4.4.2", "", {}, "sha512-OxGdvBmJuNKSCMO4NTl1L47VRp6xn2wG4F/2hYzB6tiCb709otOxtEYCSvK80PtjODfXXZu8ds+Nw5kVCjqd2g=="],

    "commander": ["commander@12.1.0", "", {}, "sha512-Vw8qHK3bZM9y/P10u3Vib8o/DdkvA2OtPtZvD871QKjy74Wj1WSKFILMPRPSdUSx5RFK1arlJzEtA4PkFgnbuA=="],

    "debug": ["debug@4.4.0", "", { "dependencies": { "ms": "^2.1.3" } }, "sha512-6WTZ/IxCY/T6BALoZHaE4ctp9xm+Z5kY/pzYaCHRFeyVhojxlrm+46y68HA6hr0TcwEssoxNiDEUJQjfPZ/RYA=="],

    "fflate": ["fflate@0.8.2", "", {}, "sha512-cPJU47OaAoCbg0pBvzsgpTPhmhqI5eJjh/JIu8tPj5q+T7iLvW/JAYUqmE7KOB4R1ZyEhzBaIQpQpardBF5z8A=="],

    "ms": ["ms@2.1.3", "", {}, "sha512-6FlzubTLZG3J2a/NVCAleEhjzq5oxgHyaCU9yYXvcLsvoVaHJq/s5xXI6/XXP6tz7R9xAOtHnSO/tXtF3WRTlA=="],

    "pako": ["pako@2.1.0", "", {}, "sha512-w+eufiZ1WuJYgPXbV/PO3NCMEc3xqylkKHzp8bxp1uW4qaSNQUkwmLLEc3kKsfz8lpV1F8Ht3U1Cm+9Srog2ug=="],

    "tslib": ["tslib@2.8.1", "", {}, "sha512-oJFu94HQb+KVduSUQL7wnpmqnfmLsOA/nAh6b6EH0wCEoK0/mPeXU6c3wKDV83MkOuHPRHtSXKKU99IBazS/2w=="],
  }
}
